
Microsoft Visual Studio Solution File, Format Version 12.00
# Visual Studio 14
VisualStudioVersion = 14.0.25420.1
MinimumVisualStudioVersion = 10.0.40219.1
Project("{FAE04EC0-301F-11D3-BF4B-00C04F79EFBC}") = "Metanit_Many_to_Many", "Metanit_Many_to_Many\Metanit_Many_to_Many.csproj", "{E6AD5C6C-17DF-45DF-A077-D05823E69EB3}"
EndProject
Global
	GlobalSection(SolutionConfigurationPlatforms) = preSolution
		Debug|Any CPU = Debug|Any CPU
		Release|Any CPU = Release|Any CPU
	EndGlobalSection
	GlobalSection(ProjectConfigurationPlatforms) = postSolution
		{E6AD5C6C-17DF-45DF-A077-D05823E69EB3}.Debug|Any CPU.ActiveCfg = Debug|Any CPU
		{E6AD5C6C-17DF-45DF-A077-D05823E69EB3}.Debug|Any CPU.Build.0 = Debug|Any CPU
		{E6AD5C6C-17DF-45DF-A077-D05823E69EB3}.Release|Any CPU.ActiveCfg = Release|Any CPU
		{E6AD5C6C-17DF-45DF-A077-D05823E69EB3}.Release|Any CPU.Build.0 = Release|Any CPU
	EndGlobalSection
	GlobalSection(SolutionProperties) = preSolution
		HideSolutionNode = FALSE
	EndGlobalSection
EndGlobal
